// !$*UTF8*$!
{
	archiveVersion = 1;
	classes = {
	};
	objectVersion = 56;
	objects = {

/* Begin PBXBuildFile section */
		B167DAE12B6F6FAA00478543 /* AppDelegate.swift in Sources */ = {isa = PBXBuildFile; fileRef = B167DAE02B6F6FAA00478543 /* AppDelegate.swift */; };
		B167DAE32B6F6FAA00478543 /* SceneDelegate.swift in Sources */ = {isa = PBXBuildFile; fileRef = B167DAE22B6F6FAA00478543 /* SceneDelegate.swift */; };
		B167DAE52B6F6FAA00478543 /* ViewController.swift in Sources */ = {isa = PBXBuildFile; fileRef = B167DAE42B6F6FAA00478543 /* ViewController.swift */; };
		B167DAE82B6F6FAA00478543 /* Main.storyboard in Resources */ = {isa = PBXBuildFile; fileRef = B167DAE62B6F6FAA00478543 /* Main.storyboard */; };
		B167DAEA2B6F6FAB00478543 /* Assets.xcassets in Resources */ = {isa = PBXBuildFile; fileRef = B167DAE92B6F6FAB00478543 /* Assets.xcassets */; };
		B167DAED2B6F6FAB00478543 /* LaunchScreen.storyboard in Resources */ = {isa = PBXBuildFile; fileRef = B167DAEB2B6F6FAB00478543 /* LaunchScreen.storyboard */; };
		B167DAF72B6F8EE300478543 /* AnimatableButton.swift in Sources */ = {isa = PBXBuildFile; fileRef = B167DAF62B6F8EE300478543 /* AnimatableButton.swift */; };
		B167DAFB2B6FAA7400478543 /* BlankViewController.swift in Sources */ = {isa = PBXBuildFile; fileRef = B167DAFA2B6FAA7400478543 /* BlankViewController.swift */; };
/* End PBXBuildFile section */

/* Begin PBXFileReference section */
		B167DADD2B6F6FAA00478543 /* sparrow-marathon-task2.app */ = {isa = PBXFileReference; explicitFileType = wrapper.application; includeInIndex = 0; path = "sparrow-marathon-task2.app"; sourceTree = BUILT_PRODUCTS_DIR; };
		B167DAE02B6F6FAA00478543 /* AppDelegate.swift */ = {isa = PBXFileReference; lastKnownFileType = sourcecode.swift; path = AppDelegate.swift; sourceTree = "<group>"; };
		B167DAE22B6F6FAA00478543 /* SceneDelegate.swift */ = {isa = PBXFileReference; lastKnownFileType = sourcecode.swift; path = SceneDelegate.swift; sourceTree = "<group>"; };
		B167DAE42B6F6FAA00478543 /* ViewController.swift */ = {isa = PBXFileReference; lastKnownFileType = sourcecode.swift; path = ViewController.swift; sourceTree = "<group>"; };
		B167DAE72B6F6FAA00478543 /* Base */ = {isa = PBXFileReference; lastKnownFileType = file.storyboard; name = Base; path = Base.lproj/Main.storyboard; sourceTree = "<group>"; };
		B167DAE92B6F6FAB00478543 /* Assets.xcassets */ = {isa = PBXFileReference; lastKnownFileType = folder.assetcatalog; path = Assets.xcassets; sourceTree = "<group>"; };
		B167DAEC2B6F6FAB00478543 /* Base */ = {isa = PBXFileReference; lastKnownFileType = file.storyboard; name = Base; path = Base.lproj/LaunchScreen.storyboard; sourceTree = "<group>"; };
		B167DAEE2B6F6FAB00478543 /* Info.plist */ = {isa = PBXFileReference; lastKnownFileType = text.plist.xml; path = Info.plist; sourceTree = "<group>"; };
		B167DAF62B6F8EE300478543 /* AnimatableButton.swift */ = {isa = PBXFileReference; lastKnownFileType = sourcecode.swift; path = AnimatableButton.swift; sourceTree = "<group>"; };
		B167DAFA2B6FAA7400478543 /* BlankViewController.swift */ = {isa = PBXFileReference; lastKnownFileType = sourcecode.swift; path = BlankViewController.swift; sourceTree = "<group>"; };
/* End PBXFileReference section */

/* Begin PBXFrameworksBuildPhase section */
		B167DADA2B6F6FAA00478543 /* Frameworks */ = {
			isa = PBXFrameworksBuildPhase;
			buildActionMask = 2147483647;
			files = (
			);
			runOnlyForDeploymentPostprocessing = 0;
		};
/* End PBXFrameworksBuildPhase section */

/* Begin PBXGroup section */
		B167DAD42B6F6FAA00478543 = {
			isa = PBXGroup;
			children = (
				B167DADF2B6F6FAA00478543 /* sparrow-marathon-task2 */,
				B167DADE2B6F6FAA00478543 /* Products */,
			);
			sourceTree = "<group>";
		};
		B167DADE2B6F6FAA00478543 /* Products */ = {
			isa = PBXGroup;
			children = (
				B167DADD2B6F6FAA00478543 /* sparrow-marathon-task2.app */,
			);
			name = Products;
			sourceTree = "<group>";
		};
		B167DADF2B6F6FAA00478543 /* sparrow-marathon-task2 */ = {
			isa = PBXGroup;
			children = (
				B167DAE02B6F6FAA00478543 /* AppDelegate.swift */,
				B167DAE22B6F6FAA00478543 /* SceneDelegate.swift */,
				B167DAE42B6F6FAA00478543 /* ViewController.swift */,
				B167DAE62B6F6FAA00478543 /* Main.storyboard */,
				B167DAE92B6F6FAB00478543 /* Assets.xcassets */,
				B167DAEB2B6F6FAB00478543 /* LaunchScreen.storyboard */,
				B167DAEE2B6F6FAB00478543 /* Info.plist */,
				B167DAF62B6F8EE300478543 /* AnimatableButton.swift */,
				B167DAFA2B6FAA7400478543 /* BlankViewController.swift */,
			);
			path = "sparrow-marathon-task2";
			sourceTree = "<group>";
		};
/* End PBXGroup section */

/* Begin PBXNativeTarget section */
		B167DADC2B6F6FAA00478543 /* sparrow-marathon-task2 */ = {
			isa = PBXNativeTarget;
			buildConfigurationList = B167DAF12B6F6FAB00478543 /* Build configuration list for PBXNativeTarget "sparrow-marathon-task2" */;
			buildPhases = (
				B167DAD92B6F6FAA00478543 /* Sources */,
				B167DADA2B6F6FAA00478543 /* Frameworks */,
				B167DADB2B6F6FAA00478543 /* Resources */,
			);
			buildRules = (
			);
			dependencies = (
			);
			name = "sparrow-marathon-task2";
			productName = "sparrow-marathon-task2";
			productReference = B167DADD2B6F6FAA00478543 /* sparrow-marathon-task2.app */;
			productType = "com.apple.product-type.application";
		};
/* End PBXNativeTarget section */

/* Begin PBXProject section */
		B167DAD52B6F6FAA00478543 /* Project object */ = {
			isa = PBXProject;
			attributes = {
				BuildIndependentTargetsInParallel = 1;
				LastSwiftUpdateCheck = 1500;
				LastUpgradeCheck = 1500;
				TargetAttributes = {
					B167DADC2B6F6FAA00478543 = {
						CreatedOnToolsVersion = 15.0.1;
					};
				};
			};
			buildConfigurationList = B167DAD82B6F6FAA00478543 /* Build configuration list for PBXProject "sparrow-marathon-task2" */;
			compatibilityVersion = "Xcode 14.0";
			developmentRegion = en;
			hasScannedForEncodings = 0;
			knownRegions = (
				en,
				Base,
			);
			mainGroup = B167DAD42B6F6FAA00478543;
			productRefGroup = B167DADE2B6F6FAA00478543 /* Products */;
			projectDirPath = "";
			projectRoot = "";
			targets = (
				B167DADC2B6F6FAA00478543 /* sparrow-marathon-task2 */,
			);
		};
/* End PBXProject section */

/* Begin PBXResourcesBuildPhase section */
		B167DADB2B6F6FAA00478543 /* Resources */ = {
			isa = PBXResourcesBuildPhase;
			buildActionMask = 2147483647;
			files = (
				B167DAED2B6F6FAB00478543 /* LaunchScreen.storyboard in Resources */,
				B167DAEA2B6F6FAB00478543 /* Assets.xcassets in Resources */,
				B167DAE82B6F6FAA00478543 /* Main.storyboard in Resources */,
			);
			runOnlyForDeploymentPostprocessing = 0;
		};
/* End PBXResourcesBuildPhase section */

/* Begin PBXSourcesBuildPhase section */
		B167DAD92B6F6FAA00478543 /* Sources */ = {
			isa = PBXSourcesBuildPhase;
			buildActionMask = 2147483647;
			files = (
				B167DAE52B6F6FAA00478543 /* ViewController.swift in Sources */,
				B167DAF72B6F8EE300478543 /* AnimatableButton.swift in Sources */,
				B167DAFB2B6FAA7400478543 /* BlankViewController.swift in Sources */,
				B167DAE12B6F6FAA00478543 /* AppDelegate.swift in Sources */,
				B167DAE32B6F6FAA00478543 /* SceneDelegate.swift in Sources */,
			);
			runOnlyForDeploymentPostprocessing = 0;
		};
/* End PBXSourcesBuildPhase section */

/* Begin PBXVariantGroup section */
		B167DAE62B6F6FAA00478543 /* Main.storyboard */ = {
			isa = PBXVariantGroup;
			children = (
				B167DAE72B6F6FAA00478543 /* Base */,
			);
			name = Main.storyboard;
			sourceTree = "<group>";
		};
		B167DAEB2B6F6FAB00478543 /* LaunchScreen.storyboard */ = {
			isa = PBXVariantGroup;
			children = (
				B167DAEC2B6F6FAB00478543 /* Base */,
			);
			name = LaunchScreen.storyboard;
			sourceTree = "<group>";
		};
/* End PBXVariantGroup section */

/* Begin XCBuildConfiguration section */
		B167DAEF2B6F6FAB00478543 /* Debug */ = {
			isa = XCBuildConfiguration;
			buildSettings = {
				ALWAYS_SEARCH_USER_PATHS = NO;
				ASSETCATALOG_COMPILER_GENERATE_SWIFT_ASSET_SYMBOL_EXTENSIONS = YES;
				CLANG_ANALYZER_NONNULL = YES;
				CLANG_ANALYZER_NUMBER_OBJECT_CONVERSION = YES_AGGRESSIVE;
				CLANG_CXX_LANGUAGE_STANDARD = "gnu++20";
				CLANG_ENABLE_MODULES = YES;
				CLANG_ENABLE_OBJC_ARC = YES;
				CLANG_ENABLE_OBJC_WEAK = YES;
				CLANG_WARN_BLOCK_CAPTURE_AUTORELEASING = YES;
				CLANG_WARN_BOOL_CONVERSION = YES;
				CLANG_WARN_COMMA = YES;
				CLANG_WARN_CONSTANT_CONVERSION = YES;
				CLANG_WARN_DEPRECATED_OBJC_IMPLEMENTATIONS = YES;
				CLANG_WARN_DIRECT_OBJC_ISA_USAGE = YES_ERROR;
				CLANG_WARN_DOCUMENTATION_COMMENTS = YES;
				CLANG_WARN_EMPTY_BODY = YES;
				CLANG_WARN_ENUM_CONVERSION = YES;
				CLANG_WARN_INFINITE_RECURSION = YES;
				CLANG_WARN_INT_CONVERSION = YES;
				CLANG_WARN_NON_LITERAL_NULL_CONVERSION = YES;
				CLANG_WARN_OBJC_IMPLICIT_RETAIN_SELF = YES;
				CLANG_WARN_OBJC_LITERAL_CONVERSION = YES;
				CLANG_WARN_OBJC_ROOT_CLASS = YES_ERROR;
				CLANG_WARN_QUOTED_INCLUDE_IN_FRAMEWORK_HEADER = YES;
				CLANG_WARN_RANGE_LOOP_ANALYSIS = YES;
				CLANG_WARN_STRICT_PROTOTYPES = YES;
				CLANG_WARN_SUSPICIOUS_MOVE = YES;
				CLANG_WARN_UNGUARDED_AVAILABILITY = YES_AGGRESSIVE;
				CLANG_WARN_UNREACHABLE_CODE = YES;
				CLANG_WARN__DUPLICATE_METHOD_MATCH = YES;
				COPY_PHASE_STRIP = NO;
				DEBUG_INFORMATION_FORMAT = dwarf;
				ENABLE_STRICT_OBJC_MSGSEND = YES;
				ENABLE_TESTABILITY = YES;
				ENABLE_USER_SCRIPT_SANDBOXING = YES;
				GCC_C_LANGUAGE_STANDARD = gnu17;
				GCC_DYNAMIC_NO_PIC = NO;
				GCC_NO_COMMON_BLOCKS = YES;
				GCC_OPTIMIZATION_LEVEL = 0;
				GCC_PREPROCESSOR_DEFINITIONS = (
					"DEBUG=1",
					"$(inherited)",
				);
				GCC_WARN_64_TO_32_BIT_CONVERSION = YES;
				GCC_WARN_ABOUT_RETURN_TYPE = YES_ERROR;
				GCC_WARN_UNDECLARED_SELECTOR = YES;
				GCC_WARN_UNINITIALIZED_AUTOS = YES_AGGRESSIVE;
				GCC_WARN_UNUSED_FUNCTION = YES;
				GCC_WARN_UNUSED_VARIABLE = YES;
				IPHONEOS_DEPLOYMENT_TARGET = 17.0;
				LOCALIZATION_PREFERS_STRING_CATALOGS = YES;
				MTL_ENABLE_DEBUG_INFO = INCLUDE_SOURCE;
				MTL_FAST_MATH = YES;
				ONLY_ACTIVE_ARCH = YES;
				SDKROOT = iphoneos;
				SWIFT_ACTIVE_COMPILATION_CONDITIONS = "DEBUG $(inherited)";
				SWIFT_OPTIMIZATION_LEVEL = "-Onone";
			};
			name = Debug;
		};
		B167DAF02B6F6FAB00478543 /* Release */ = {
			isa = XCBuildConfiguration;
			buildSettings = {
				ALWAYS_SEARCH_USER_PATHS = NO;
				ASSETCATALOG_COMPILER_GENERATE_SWIFT_ASSET_SYMBOL_EXTENSIONS = YES;
				CLANG_ANALYZER_NONNULL = YES;
				CLANG_ANALYZER_NUMBER_OBJECT_CONVERSION = YES_AGGRESSIVE;
				CLANG_CXX_LANGUAGE_STANDARD = "gnu++20";
				CLANG_ENABLE_MODULES = YES;
				CLANG_ENABLE_OBJC_ARC = YES;
				CLANG_ENABLE_OBJC_WEAK = YES;
				CLANG_WARN_BLOCK_CAPTURE_AUTORELEASING = YES;
				CLANG_WARN_BOOL_CONVERSION = YES;
				CLANG_WARN_COMMA = YES;
				CLANG_WARN_CONSTANT_CONVERSION = YES;
				CLANG_WARN_DEPRECATED_OBJC_IMPLEMENTATIONS = YES;
				CLANG_WARN_DIRECT_OBJC_ISA_USAGE = YES_ERROR;
				CLANG_WARN_DOCUMENTATION_COMMENTS = YES;
				CLANG_WARN_EMPTY_BODY = YES;
				CLANG_WARN_ENUM_CONVERSION = YES;
				CLANG_WARN_INFINITE_RECURSION = YES;
				CLANG_WARN_INT_CONVERSION = YES;
				CLANG_WARN_NON_LITERAL_NULL_CONVERSION = YES;
				CLANG_WARN_OBJC_IMPLICIT_RETAIN_SELF = YES;
				CLANG_WARN_OBJC_LITERAL_CONVERSION = YES;
				CLANG_WARN_OBJC_ROOT_CLASS = YES_ERROR;
				CLANG_WARN_QUOTED_INCLUDE_IN_FRAMEWORK_HEADER = YES;
				CLANG_WARN_RANGE_LOOP_ANALYSIS = YES;
				CLANG_WARN_STRICT_PROTOTYPES = YES;
				CLANG_WARN_SUSPICIOUS_MOVE = YES;
				CLANG_WARN_UNGUARDED_AVAILABILITY = YES_AGGRESSIVE;
				CLANG_WARN_UNREACHABLE_CODE = YES;
				CLANG_WARN__DUPLICATE_METHOD_MATCH = YES;
				COPY_PHASE_STRIP = NO;
				DEBUG_INFORMATION_FORMAT = "dwarf-with-dsym";
				ENABLE_NS_ASSERTIONS = NO;
				ENABLE_STRICT_OBJC_MSGSEND = YES;
				ENABLE_USER_SCRIPT_SANDBOXING = YES;
				GCC_C_LANGUAGE_STANDARD = gnu17;
				GCC_NO_COMMON_BLOCKS = YES;
				GCC_WARN_64_TO_32_BIT_CONVERSION = YES;
				GCC_WARN_ABOUT_RETURN_TYPE = YES_ERROR;
				GCC_WARN_UNDECLARED_SELECTOR = YES;
				GCC_WARN_UNINITIALIZED_AUTOS = YES_AGGRESSIVE;
				GCC_WARN_UNUSED_FUNCTION = YES;
				GCC_WARN_UNUSED_VARIABLE = YES;
				IPHONEOS_DEPLOYMENT_TARGET = 17.0;
				LOCALIZATION_PREFERS_STRING_CATALOGS = YES;
				MTL_ENABLE_DEBUG_INFO = NO;
				MTL_FAST_MATH = YES;
				SDKROOT = iphoneos;
				SWIFT_COMPILATION_MODE = wholemodule;
				VALIDATE_PRODUCT = YES;
			};
			name = Release;
		};
		B167DAF22B6F6FAB00478543 /* Debug */ = {
			isa = XCBuildConfiguration;
			buildSettings = {
				ASSETCATALOG_COMPILER_APPICON_NAME = AppIcon;
				ASSETCATALOG_COMPILER_GLOBAL_ACCENT_COLOR_NAME = AccentColor;
				CODE_SIGN_STYLE = Automatic;
				CURRENT_PROJECT_VERSION = 1;
				DEVELOPMENT_TEAM = YGR3JMCZF9;
				GENERATE_INFOPLIST_FILE = YES;
				INFOPLIST_FILE = "sparrow-marathon-task2/Info.plist";
				INFOPLIST_KEY_UIApplicationSupportsIndirectInputEvents = YES;
				INFOPLIST_KEY_UILaunchStoryboardName = LaunchScreen;
				INFOPLIST_KEY_UIMainStoryboardFile = Main;
				INFOPLIST_KEY_UISupportedInterfaceOrientations_iPad = "UIInterfaceOrientationPortrait UIInterfaceOrientationPortraitUpsideDown UIInterfaceOrientationLandscapeLeft UIInterfaceOrientationLandscapeRight";
				INFOPLIST_KEY_UISupportedInterfaceOrientations_iPhone = "UIInterfaceOrientationPortrait UIInterfaceOrientationLandscapeLeft UIInterfaceOrientationLandscapeRight";
				LD_RUNPATH_SEARCH_PATHS = (
					"$(inherited)",
					"@executable_path/Frameworks",
				);
				MARKETING_VERSION = 1.0;
				PRODUCT_BUNDLE_IDENTIFIER = "com.bekish.sparrow-marathon-task2";
				PRODUCT_NAME = "$(TARGET_NAME)";
				SWIFT_EMIT_LOC_STRINGS = YES;
				SWIFT_VERSION = 5.0;
				TARGETED_DEVICE_FAMILY = "1,2";
			};
			name = Debug;
		};
		B167DAF32B6F6FAB00478543 /* Release */ = {
			isa = XCBuildConfiguration;
			buildSettings = {
				ASSETCATALOG_COMPILER_APPICON_NAME = AppIcon;
				ASSETCATALOG_COMPILER_GLOBAL_ACCENT_COLOR_NAME = AccentColor;
				CODE_SIGN_STYLE = Automatic;
				CURRENT_PROJECT_VERSION = 1;
				DEVELOPMENT_TEAM = YGR3JMCZF9;
				GENERATE_INFOPLIST_FILE = YES;
				INFOPLIST_FILE = "sparrow-marathon-task2/Info.plist";
				INFOPLIST_KEY_UIApplicationSupportsIndirectInputEvents = YES;
				INFOPLIST_KEY_UILaunchStoryboardName = LaunchScreen;
				INFOPLIST_KEY_UIMainStoryboardFile = Main;
				INFOPLIST_KEY_UISupportedInterfaceOrientations_iPad = "UIInterfaceOrientationPortrait UIInterfaceOrientationPortraitUpsideDown UIInterfaceOrientationLandscapeLeft UIInterfaceOrientationLandscapeRight";
				INFOPLIST_KEY_UISupportedInterfaceOrientations_iPhone = "UIInterfaceOrientationPortrait UIInterfaceOrientationLandscapeLeft UIInterfaceOrientationLandscapeRight";
				LD_RUNPATH_SEARCH_PATHS = (
					"$(inherited)",
					"@executable_path/Frameworks",
				);
				MARKETING_VERSION = 1.0;
				PRODUCT_BUNDLE_IDENTIFIER = "com.bekish.sparrow-marathon-task2";
				PRODUCT_NAME = "$(TARGET_NAME)";
				SWIFT_EMIT_LOC_STRINGS = YES;
				SWIFT_VERSION = 5.0;
				TARGETED_DEVICE_FAMILY = "1,2";
			};
			name = Release;
		};
/* End XCBuildConfiguration section */

/* Begin XCConfigurationList section */
		B167DAD82B6F6FAA00478543 /* Build configuration list for PBXProject "sparrow-marathon-task2" */ = {
			isa = XCConfigurationList;
			buildConfigurations = (
				B167DAEF2B6F6FAB00478543 /* Debug */,
				B167DAF02B6F6FAB00478543 /* Release */,
			);
			defaultConfigurationIsVisible = 0;
			defaultConfigurationName = Release;
		};
		B167DAF12B6F6FAB00478543 /* Build configuration list for PBXNativeTarget "sparrow-marathon-task2" */ = {
			isa = XCConfigurationList;
			buildConfigurations = (
				B167DAF22B6F6FAB00478543 /* Debug */,
				B167DAF32B6F6FAB00478543 /* Release */,
			);
			defaultConfigurationIsVisible = 0;
			defaultConfigurationName = Release;
		};
/* End XCConfigurationList section */
	};
	rootObject = B167DAD52B6F6FAA00478543 /* Project object */;
}
